// !$*UTF8*$!
{
	archiveVersion = 1;
	classes = {
	};
	objectVersion = 50;
	objects = {

/* Begin PBXBuildFile section */
		6F21F5CCEE7812C37396F8B7 /* Pods_CustomTableView_MVVM.framework in Frameworks */ = {isa = PBXBuildFile; fileRef = 8E0E15EF7711202B4BA3BF29 /* Pods_CustomTableView_MVVM.framework */; };
		8237E88420A52D1B00EC63FF /* AppDelegate.swift in Sources */ = {isa = PBXBuildFile; fileRef = 8237E88320A52D1B00EC63FF /* AppDelegate.swift */; };
		8237E88920A52D1B00EC63FF /* Main.storyboard in Resources */ = {isa = PBXBuildFile; fileRef = 8237E88720A52D1B00EC63FF /* Main.storyboard */; };
		8237E88B20A52D1C00EC63FF /* Assets.xcassets in Resources */ = {isa = PBXBuildFile; fileRef = 8237E88A20A52D1C00EC63FF /* Assets.xcassets */; };
		8237E88E20A52D1C00EC63FF /* LaunchScreen.storyboard in Resources */ = {isa = PBXBuildFile; fileRef = 8237E88C20A52D1C00EC63FF /* LaunchScreen.storyboard */; };
		8237E89920A52EE800EC63FF /* ListViewModel.swift in Sources */ = {isa = PBXBuildFile; fileRef = 8237E89520A52EE800EC63FF /* ListViewModel.swift */; };
		8237E89A20A52EE800EC63FF /* ListViewController.swift in Sources */ = {isa = PBXBuildFile; fileRef = 8237E89620A52EE800EC63FF /* ListViewController.swift */; };
		8237E89B20A52EE800EC63FF /* ListModel.swift in Sources */ = {isa = PBXBuildFile; fileRef = 8237E89720A52EE800EC63FF /* ListModel.swift */; };
		8237E89C20A52EE800EC63FF /* ListView.swift in Sources */ = {isa = PBXBuildFile; fileRef = 8237E89820A52EE800EC63FF /* ListView.swift */; };
		8237E8B720A5959700EC63FF /* TableViewCell.swift in Sources */ = {isa = PBXBuildFile; fileRef = 8237E8B620A5959700EC63FF /* TableViewCell.swift */; };
		8237E8B920A59B0F00EC63FF /* TableViewCellData.swift in Sources */ = {isa = PBXBuildFile; fileRef = 8237E8B820A59B0F00EC63FF /* TableViewCellData.swift */; };
/* End PBXBuildFile section */

/* Begin PBXFileReference section */
		0204C140D0D2A20D6F7BD8AB /* Pods-CustomTableView-MVVM.release.xcconfig */ = {isa = PBXFileReference; includeInIndex = 1; lastKnownFileType = text.xcconfig; name = "Pods-CustomTableView-MVVM.release.xcconfig"; path = "Pods/Target Support Files/Pods-CustomTableView-MVVM/Pods-CustomTableView-MVVM.release.xcconfig"; sourceTree = "<group>"; };
		8237E88020A52D1B00EC63FF /* CustomTableView-MVVM.app */ = {isa = PBXFileReference; explicitFileType = wrapper.application; includeInIndex = 0; path = "CustomTableView-MVVM.app"; sourceTree = BUILT_PRODUCTS_DIR; };
		8237E88320A52D1B00EC63FF /* AppDelegate.swift */ = {isa = PBXFileReference; lastKnownFileType = sourcecode.swift; path = AppDelegate.swift; sourceTree = "<group>"; };
		8237E88820A52D1B00EC63FF /* Base */ = {isa = PBXFileReference; lastKnownFileType = file.storyboard; name = Base; path = Base.lproj/Main.storyboard; sourceTree = "<group>"; };
		8237E88A20A52D1C00EC63FF /* Assets.xcassets */ = {isa = PBXFileReference; lastKnownFileType = folder.assetcatalog; path = Assets.xcassets; sourceTree = "<group>"; };
		8237E88D20A52D1C00EC63FF /* Base */ = {isa = PBXFileReference; lastKnownFileType = file.storyboard; name = Base; path = Base.lproj/LaunchScreen.storyboard; sourceTree = "<group>"; };
		8237E88F20A52D1C00EC63FF /* Info.plist */ = {isa = PBXFileReference; lastKnownFileType = text.plist.xml; path = Info.plist; sourceTree = "<group>"; };
		8237E89520A52EE800EC63FF /* ListViewModel.swift */ = {isa = PBXFileReference; fileEncoding = 4; lastKnownFileType = sourcecode.swift; path = ListViewModel.swift; sourceTree = "<group>"; };
		8237E89620A52EE800EC63FF /* ListViewController.swift */ = {isa = PBXFileReference; fileEncoding = 4; lastKnownFileType = sourcecode.swift; path = ListViewController.swift; sourceTree = "<group>"; };
		8237E89720A52EE800EC63FF /* ListModel.swift */ = {isa = PBXFileReference; fileEncoding = 4; lastKnownFileType = sourcecode.swift; path = ListModel.swift; sourceTree = "<group>"; };
		8237E89820A52EE800EC63FF /* ListView.swift */ = {isa = PBXFileReference; fileEncoding = 4; lastKnownFileType = sourcecode.swift; path = ListView.swift; sourceTree = "<group>"; };
		8237E8B620A5959700EC63FF /* TableViewCell.swift */ = {isa = PBXFileReference; lastKnownFileType = sourcecode.swift; path = TableViewCell.swift; sourceTree = "<group>"; };
		8237E8B820A59B0F00EC63FF /* TableViewCellData.swift */ = {isa = PBXFileReference; lastKnownFileType = sourcecode.swift; path = TableViewCellData.swift; sourceTree = "<group>"; };
		8E0E15EF7711202B4BA3BF29 /* Pods_CustomTableView_MVVM.framework */ = {isa = PBXFileReference; explicitFileType = wrapper.framework; includeInIndex = 0; path = Pods_CustomTableView_MVVM.framework; sourceTree = BUILT_PRODUCTS_DIR; };
		FE9E14CA63DDE0F4821480F7 /* Pods-CustomTableView-MVVM.debug.xcconfig */ = {isa = PBXFileReference; includeInIndex = 1; lastKnownFileType = text.xcconfig; name = "Pods-CustomTableView-MVVM.debug.xcconfig"; path = "Pods/Target Support Files/Pods-CustomTableView-MVVM/Pods-CustomTableView-MVVM.debug.xcconfig"; sourceTree = "<group>"; };
/* End PBXFileReference section */

/* Begin PBXFrameworksBuildPhase section */
		8237E87D20A52D1B00EC63FF /* Frameworks */ = {
			isa = PBXFrameworksBuildPhase;
			buildActionMask = 2147483647;
			files = (
				6F21F5CCEE7812C37396F8B7 /* Pods_CustomTableView_MVVM.framework in Frameworks */,
			);
			runOnlyForDeploymentPostprocessing = 0;
		};
/* End PBXFrameworksBuildPhase section */

/* Begin PBXGroup section */
		8237E87720A52D1B00EC63FF = {
			isa = PBXGroup;
			children = (
				8237E88220A52D1B00EC63FF /* CustomTableView-MVVM */,
				8237E88120A52D1B00EC63FF /* Products */,
				D10F9178A603179BE7E2D65E /* Pods */,
				9824CB974D03D5462CA99467 /* Frameworks */,
			);
			sourceTree = "<group>";
		};
		8237E88120A52D1B00EC63FF /* Products */ = {
			isa = PBXGroup;
			children = (
				8237E88020A52D1B00EC63FF /* CustomTableView-MVVM.app */,
			);
			name = Products;
			sourceTree = "<group>";
		};
		8237E88220A52D1B00EC63FF /* CustomTableView-MVVM */ = {
			isa = PBXGroup;
			children = (
				8237E88320A52D1B00EC63FF /* AppDelegate.swift */,
				8237E89620A52EE800EC63FF /* ListViewController.swift */,
				8237E89820A52EE800EC63FF /* ListView.swift */,
				8237E8B620A5959700EC63FF /* TableViewCell.swift */,
				8237E8B820A59B0F00EC63FF /* TableViewCellData.swift */,
				8237E89520A52EE800EC63FF /* ListViewModel.swift */,
				8237E89720A52EE800EC63FF /* ListModel.swift */,
				8237E88720A52D1B00EC63FF /* Main.storyboard */,
				8237E88A20A52D1C00EC63FF /* Assets.xcassets */,
				8237E88C20A52D1C00EC63FF /* LaunchScreen.storyboard */,
				8237E88F20A52D1C00EC63FF /* Info.plist */,
			);
			path = "CustomTableView-MVVM";
			sourceTree = "<group>";
		};
		9824CB974D03D5462CA99467 /* Frameworks */ = {
			isa = PBXGroup;
			children = (
				8E0E15EF7711202B4BA3BF29 /* Pods_CustomTableView_MVVM.framework */,
			);
			name = Frameworks;
			sourceTree = "<group>";
		};
		D10F9178A603179BE7E2D65E /* Pods */ = {
			isa = PBXGroup;
			children = (
				FE9E14CA63DDE0F4821480F7 /* Pods-CustomTableView-MVVM.debug.xcconfig */,
				0204C140D0D2A20D6F7BD8AB /* Pods-CustomTableView-MVVM.release.xcconfig */,
			);
			name = Pods;
			sourceTree = "<group>";
		};
/* End PBXGroup section */

/* Begin PBXNativeTarget section */
		8237E87F20A52D1B00EC63FF /* CustomTableView-MVVM */ = {
			isa = PBXNativeTarget;
			buildConfigurationList = 8237E89220A52D1C00EC63FF /* Build configuration list for PBXNativeTarget "CustomTableView-MVVM" */;
			buildPhases = (
				EE6912DDEA11EC4A054B557A /* [CP] Check Pods Manifest.lock */,
				8237E87C20A52D1B00EC63FF /* Sources */,
				8237E87D20A52D1B00EC63FF /* Frameworks */,
				8237E87E20A52D1B00EC63FF /* Resources */,
				0BBAF0FD10C73BED690AE568 /* [CP] Embed Pods Frameworks */,
			);
			buildRules = (
			);
			dependencies = (
			);
			name = "CustomTableView-MVVM";
			productName = "CustomTableView-MVVM";
			productReference = 8237E88020A52D1B00EC63FF /* CustomTableView-MVVM.app */;
			productType = "com.apple.product-type.application";
		};
/* End PBXNativeTarget section */

/* Begin PBXProject section */
		8237E87820A52D1B00EC63FF /* Project object */ = {
			isa = PBXProject;
			attributes = {
				LastSwiftUpdateCheck = 0930;
				LastUpgradeCheck = 0930;
				ORGANIZATIONNAME = mhlee;
				TargetAttributes = {
					8237E87F20A52D1B00EC63FF = {
						CreatedOnToolsVersion = 9.3;
					};
				};
			};
			buildConfigurationList = 8237E87B20A52D1B00EC63FF /* Build configuration list for PBXProject "CustomTableView-MVVM" */;
			compatibilityVersion = "Xcode 9.3";
			developmentRegion = en;
			hasScannedForEncodings = 0;
			knownRegions = (
				en,
				Base,
			);
			mainGroup = 8237E87720A52D1B00EC63FF;
			productRefGroup = 8237E88120A52D1B00EC63FF /* Products */;
			projectDirPath = "";
			projectRoot = "";
			targets = (
				8237E87F20A52D1B00EC63FF /* CustomTableView-MVVM */,
			);
		};
/* End PBXProject section */

/* Begin PBXResourcesBuildPhase section */
		8237E87E20A52D1B00EC63FF /* Resources */ = {
			isa = PBXResourcesBuildPhase;
			buildActionMask = 2147483647;
			files = (
				8237E88E20A52D1C00EC63FF /* LaunchScreen.storyboard in Resources */,
				8237E88B20A52D1C00EC63FF /* Assets.xcassets in Resources */,
				8237E88920A52D1B00EC63FF /* Main.storyboard in Resources */,
			);
			runOnlyForDeploymentPostprocessing = 0;
		};
/* End PBXResourcesBuildPhase section */

/* Begin PBXShellScriptBuildPhase section */
		0BBAF0FD10C73BED690AE568 /* [CP] Embed Pods Frameworks */ = {
			isa = PBXShellScriptBuildPhase;
			buildActionMask = 2147483647;
			files = (
			);
			inputPaths = (
				"${SRCROOT}/Pods/Target Support Files/Pods-CustomTableView-MVVM/Pods-CustomTableView-MVVM-frameworks.sh",
				"${BUILT_PRODUCTS_DIR}/Differentiator/Differentiator.framework",
				"${BUILT_PRODUCTS_DIR}/RxCocoa/RxCocoa.framework",
				"${BUILT_PRODUCTS_DIR}/RxDataSources/RxDataSources.framework",
				"${BUILT_PRODUCTS_DIR}/RxSwift/RxSwift.framework",
				"${BUILT_PRODUCTS_DIR}/SnapKit/SnapKit.framework",
			);
			name = "[CP] Embed Pods Frameworks";
			outputPaths = (
				"${TARGET_BUILD_DIR}/${FRAMEWORKS_FOLDER_PATH}/Differentiator.framework",
				"${TARGET_BUILD_DIR}/${FRAMEWORKS_FOLDER_PATH}/RxCocoa.framework",
				"${TARGET_BUILD_DIR}/${FRAMEWORKS_FOLDER_PATH}/RxDataSources.framework",
				"${TARGET_BUILD_DIR}/${FRAMEWORKS_FOLDER_PATH}/RxSwift.framework",
				"${TARGET_BUILD_DIR}/${FRAMEWORKS_FOLDER_PATH}/SnapKit.framework",
			);
			runOnlyForDeploymentPostprocessing = 0;
			shellPath = /bin/sh;
			shellScript = "\"${SRCROOT}/Pods/Target Support Files/Pods-CustomTableView-MVVM/Pods-CustomTableView-MVVM-frameworks.sh\"\n";
			showEnvVarsInLog = 0;
		};
		EE6912DDEA11EC4A054B557A /* [CP] Check Pods Manifest.lock */ = {
			isa = PBXShellScriptBuildPhase;
			buildActionMask = 2147483647;
			files = (
			);
			inputPaths = (
				"${PODS_PODFILE_DIR_PATH}/Podfile.lock",
				"${PODS_ROOT}/Manifest.lock",
			);
			name = "[CP] Check Pods Manifest.lock";
			outputPaths = (
				"$(DERIVED_FILE_DIR)/Pods-CustomTableView-MVVM-checkManifestLockResult.txt",
			);
			runOnlyForDeploymentPostprocessing = 0;
			shellPath = /bin/sh;
			shellScript = "diff \"${PODS_PODFILE_DIR_PATH}/Podfile.lock\" \"${PODS_ROOT}/Manifest.lock\" > /dev/null\nif [ $? != 0 ] ; then\n    # print error to STDERR\n    echo \"error: The sandbox is not in sync with the Podfile.lock. Run 'pod install' or update your CocoaPods installation.\" >&2\n    exit 1\nfi\n# This output is used by Xcode 'outputs' to avoid re-running this script phase.\necho \"SUCCESS\" > \"${SCRIPT_OUTPUT_FILE_0}\"\n";
			showEnvVarsInLog = 0;
		};
/* End PBXShellScriptBuildPhase section */

/* Begin PBXSourcesBuildPhase section */
		8237E87C20A52D1B00EC63FF /* Sources */ = {
			isa = PBXSourcesBuildPhase;
			buildActionMask = 2147483647;
			files = (
				8237E89920A52EE800EC63FF /* ListViewModel.swift in Sources */,
				8237E8B920A59B0F00EC63FF /* TableViewCellData.swift in Sources */,
				8237E88420A52D1B00EC63FF /* AppDelegate.swift in Sources */,
				8237E89C20A52EE800EC63FF /* ListView.swift in Sources */,
				8237E8B720A5959700EC63FF /* TableViewCell.swift in Sources */,
				8237E89A20A52EE800EC63FF /* ListViewController.swift in Sources */,
				8237E89B20A52EE800EC63FF /* ListModel.swift in Sources */,
			);
			runOnlyForDeploymentPostprocessing = 0;
		};
/* End PBXSourcesBuildPhase section */

/* Begin PBXVariantGroup section */
		8237E88720A52D1B00EC63FF /* Main.storyboard */ = {
			isa = PBXVariantGroup;
			children = (
				8237E88820A52D1B00EC63FF /* Base */,
			);
			name = Main.storyboard;
			sourceTree = "<group>";
		};
		8237E88C20A52D1C00EC63FF /* LaunchScreen.storyboard */ = {
			isa = PBXVariantGroup;
			children = (
				8237E88D20A52D1C00EC63FF /* Base */,
			);
			name = LaunchScreen.storyboard;
			sourceTree = "<group>";
		};
/* End PBXVariantGroup section */

/* Begin XCBuildConfiguration section */
		8237E89020A52D1C00EC63FF /* Debug */ = {
			isa = XCBuildConfiguration;
			buildSettings = {
				ALWAYS_SEARCH_USER_PATHS = NO;
				CLANG_ANALYZER_NONNULL = YES;
				CLANG_ANALYZER_NUMBER_OBJECT_CONVERSION = YES_AGGRESSIVE;
				CLANG_CXX_LANGUAGE_STANDARD = "gnu++14";
				CLANG_CXX_LIBRARY = "libc++";
				CLANG_ENABLE_MODULES = YES;
				CLANG_ENABLE_OBJC_ARC = YES;
				CLANG_ENABLE_OBJC_WEAK = YES;
				CLANG_WARN_BLOCK_CAPTURE_AUTORELEASING = YES;
				CLANG_WARN_BOOL_CONVERSION = YES;
				CLANG_WARN_COMMA = YES;
				CLANG_WARN_CONSTANT_CONVERSION = YES;
				CLANG_WARN_DEPRECATED_OBJC_IMPLEMENTATIONS = YES;
				CLANG_WARN_DIRECT_OBJC_ISA_USAGE = YES_ERROR;
				CLANG_WARN_DOCUMENTATION_COMMENTS = YES;
				CLANG_WARN_EMPTY_BODY = YES;
				CLANG_WARN_ENUM_CONVERSION = YES;
				CLANG_WARN_INFINITE_RECURSION = YES;
				CLANG_WARN_INT_CONVERSION = YES;
				CLANG_WARN_NON_LITERAL_NULL_CONVERSION = YES;
				CLANG_WARN_OBJC_IMPLICIT_RETAIN_SELF = YES;
				CLANG_WARN_OBJC_LITERAL_CONVERSION = YES;
				CLANG_WARN_OBJC_ROOT_CLASS = YES_ERROR;
				CLANG_WARN_RANGE_LOOP_ANALYSIS = YES;
				CLANG_WARN_STRICT_PROTOTYPES = YES;
				CLANG_WARN_SUSPICIOUS_MOVE = YES;
				CLANG_WARN_UNGUARDED_AVAILABILITY = YES_AGGRESSIVE;
				CLANG_WARN_UNREACHABLE_CODE = YES;
				CLANG_WARN__DUPLICATE_METHOD_MATCH = YES;
				CODE_SIGN_IDENTITY = "iPhone Developer";
				COPY_PHASE_STRIP = NO;
				DEBUG_INFORMATION_FORMAT = dwarf;
				ENABLE_STRICT_OBJC_MSGSEND = YES;
				ENABLE_TESTABILITY = YES;
				GCC_C_LANGUAGE_STANDARD = gnu11;
				GCC_DYNAMIC_NO_PIC = NO;
				GCC_NO_COMMON_BLOCKS = YES;
				GCC_OPTIMIZATION_LEVEL = 0;
				GCC_PREPROCESSOR_DEFINITIONS = (
					"DEBUG=1",
					"$(inherited)",
				);
				GCC_WARN_64_TO_32_BIT_CONVERSION = YES;
				GCC_WARN_ABOUT_RETURN_TYPE = YES_ERROR;
				GCC_WARN_UNDECLARED_SELECTOR = YES;
				GCC_WARN_UNINITIALIZED_AUTOS = YES_AGGRESSIVE;
				GCC_WARN_UNUSED_FUNCTION = YES;
				GCC_WARN_UNUSED_VARIABLE = YES;
				IPHONEOS_DEPLOYMENT_TARGET = 11.3;
				MTL_ENABLE_DEBUG_INFO = YES;
				ONLY_ACTIVE_ARCH = YES;
				SDKROOT = iphoneos;
				SWIFT_ACTIVE_COMPILATION_CONDITIONS = DEBUG;
				SWIFT_OPTIMIZATION_LEVEL = "-Onone";
			};
			name = Debug;
		};
		8237E89120A52D1C00EC63FF /* Release */ = {
			isa = XCBuildConfiguration;
			buildSettings = {
				ALWAYS_SEARCH_USER_PATHS = NO;
				CLANG_ANALYZER_NONNULL = YES;
				CLANG_ANALYZER_NUMBER_OBJECT_CONVERSION = YES_AGGRESSIVE;
				CLANG_CXX_LANGUAGE_STANDARD = "gnu++14";
				CLANG_CXX_LIBRARY = "libc++";
				CLANG_ENABLE_MODULES = YES;
				CLANG_ENABLE_OBJC_ARC = YES;
				CLANG_ENABLE_OBJC_WEAK = YES;
				CLANG_WARN_BLOCK_CAPTURE_AUTORELEASING = YES;
				CLANG_WARN_BOOL_CONVERSION = YES;
				CLANG_WARN_COMMA = YES;
				CLANG_WARN_CONSTANT_CONVERSION = YES;
				CLANG_WARN_DEPRECATED_OBJC_IMPLEMENTATIONS = YES;
				CLANG_WARN_DIRECT_OBJC_ISA_USAGE = YES_ERROR;
				CLANG_WARN_DOCUMENTATION_COMMENTS = YES;
				CLANG_WARN_EMPTY_BODY = YES;
				CLANG_WARN_ENUM_CONVERSION = YES;
				CLANG_WARN_INFINITE_RECURSION = YES;
				CLANG_WARN_INT_CONVERSION = YES;
				CLANG_WARN_NON_LITERAL_NULL_CONVERSION = YES;
				CLANG_WARN_OBJC_IMPLICIT_RETAIN_SELF = YES;
				CLANG_WARN_OBJC_LITERAL_CONVERSION = YES;
				CLANG_WARN_OBJC_ROOT_CLASS = YES_ERROR;
				CLANG_WARN_RANGE_LOOP_ANALYSIS = YES;
				CLANG_WARN_STRICT_PROTOTYPES = YES;
				CLANG_WARN_SUSPICIOUS_MOVE = YES;
				CLANG_WARN_UNGUARDED_AVAILABILITY = YES_AGGRESSIVE;
				CLANG_WARN_UNREACHABLE_CODE = YES;
				CLANG_WARN__DUPLICATE_METHOD_MATCH = YES;
				CODE_SIGN_IDENTITY = "iPhone Developer";
				COPY_PHASE_STRIP = NO;
				DEBUG_INFORMATION_FORMAT = "dwarf-with-dsym";
				ENABLE_NS_ASSERTIONS = NO;
				ENABLE_STRICT_OBJC_MSGSEND = YES;
				GCC_C_LANGUAGE_STANDARD = gnu11;
				GCC_NO_COMMON_BLOCKS = YES;
				GCC_WARN_64_TO_32_BIT_CONVERSION = YES;
				GCC_WARN_ABOUT_RETURN_TYPE = YES_ERROR;
				GCC_WARN_UNDECLARED_SELECTOR = YES;
				GCC_WARN_UNINITIALIZED_AUTOS = YES_AGGRESSIVE;
				GCC_WARN_UNUSED_FUNCTION = YES;
				GCC_WARN_UNUSED_VARIABLE = YES;
				IPHONEOS_DEPLOYMENT_TARGET = 11.3;
				MTL_ENABLE_DEBUG_INFO = NO;
				SDKROOT = iphoneos;
				SWIFT_COMPILATION_MODE = wholemodule;
				SWIFT_OPTIMIZATION_LEVEL = "-O";
				VALIDATE_PRODUCT = YES;
			};
			name = Release;
		};
		8237E89320A52D1C00EC63FF /* Debug */ = {
			isa = XCBuildConfiguration;
			baseConfigurationReference = FE9E14CA63DDE0F4821480F7 /* Pods-CustomTableView-MVVM.debug.xcconfig */;
			buildSettings = {
				ASSETCATALOG_COMPILER_APPICON_NAME = AppIcon;
				CODE_SIGN_STYLE = Automatic;
				DEVELOPMENT_TEAM = VVKN5X3HDD;
				INFOPLIST_FILE = "CustomTableView-MVVM/Info.plist";
				LD_RUNPATH_SEARCH_PATHS = (
					"$(inherited)",
					"@executable_path/Frameworks",
				);
				PRODUCT_BUNDLE_IDENTIFIER = "me.insertcoin.app.CustomTableView-MVVM";
				PRODUCT_NAME = "$(TARGET_NAME)";
				SWIFT_VERSION = 4.0;
				TARGETED_DEVICE_FAMILY = "1,2";
			};
			name = Debug;
		};
		8237E89420A52D1C00EC63FF /* Release */ = {
			isa = XCBuildConfiguration;
			baseConfigurationReference = 0204C140D0D2A20D6F7BD8AB /* Pods-CustomTableView-MVVM.release.xcconfig */;
			buildSettings = {
				ASSETCATALOG_COMPILER_APPICON_NAME = AppIcon;
				CODE_SIGN_STYLE = Automatic;
				DEVELOPMENT_TEAM = VVKN5X3HDD;
				INFOPLIST_FILE = "CustomTableView-MVVM/Info.plist";
				LD_RUNPATH_SEARCH_PATHS = (
					"$(inherited)",
					"@executable_path/Frameworks",
				);
				PRODUCT_BUNDLE_IDENTIFIER = "me.insertcoin.app.CustomTableView-MVVM";
				PRODUCT_NAME = "$(TARGET_NAME)";
				SWIFT_VERSION = 4.0;
				TARGETED_DEVICE_FAMILY = "1,2";
			};
			name = Release;
		};
/* End XCBuildConfiguration section */

/* Begin XCConfigurationList section */
		8237E87B20A52D1B00EC63FF /* Build configuration list for PBXProject "CustomTableView-MVVM" */ = {
			isa = XCConfigurationList;
			buildConfigurations = (
				8237E89020A52D1C00EC63FF /* Debug */,
				8237E89120A52D1C00EC63FF /* Release */,
			);
			defaultConfigurationIsVisible = 0;
			defaultConfigurationName = Release;
		};
		8237E89220A52D1C00EC63FF /* Build configuration list for PBXNativeTarget "CustomTableView-MVVM" */ = {
			isa = XCConfigurationList;
			buildConfigurations = (
				8237E89320A52D1C00EC63FF /* Debug */,
				8237E89420A52D1C00EC63FF /* Release */,
			);
			defaultConfigurationIsVisible = 0;
			defaultConfigurationName = Release;
		};
/* End XCConfigurationList section */
	};
	rootObject = 8237E87820A52D1B00EC63FF /* Project object */;
}
